Microsoft Visual Studio Solution File, Format Version 12.00
# Visual Studio Version 17
VisualStudioVersion = 17.0.31723.545
MinimumVisualStudioVersion = 10.0.40219.1
Project("{9A19103F-16F7-4668-BE54-9A1E7A4F7556}") = "VSCodeMeadow", "VSCodeMeadow.csproj", "{38338CAD-05F1-4AD1-9ACF-47E8E7FE30C2}"
EndProject
Project("{9A19103F-16F7-4668-BE54-9A1E7A4F7556}") = "Meadow.CLI.Core", "..\..\externals\Meadow.CLI\Meadow.CLI.Core\Meadow.CLI.Core.csproj", "{6F4B2E22-1A58-48F6-A86D-5D450A27F93B}"
EndProject
Project("{2150E333-8FDC-42A3-9474-1A3956D46DE8}") = "debugger", "debugger", "{DD5D7FCB-5097-433E-8399-BB037883FB2F}"
EndProject
Project("{9A19103F-16F7-4668-BE54-9A1E7A4F7556}") = "Mono.Debugging", "..\..\externals\debugger-libs\Mono.Debugging\Mono.Debugging.csproj", "{7FDE4EA1-1B1E-4EEA-ACA1-78ACC76D7683}"
EndProject
Project("{9A19103F-16F7-4668-BE54-9A1E7A4F7556}") = "Mono.Debugging.Soft", "..\..\externals\debugger-libs\Mono.Debugging.Soft\Mono.Debugging.Soft.csproj", "{EE7F2861-0C9C-4A1E-B8B2-0F1925B66B64}"
EndProject
Project("{9A19103F-16F7-4668-BE54-9A1E7A4F7556}") = "Mono.Debugger.Soft", "..\..\externals\debugger-libs\Mono.Debugger.Soft\Mono.Debugger.Soft.csproj", "{1B088B6D-79FF-4DC8-91B9-3D6353565BF0}"
EndProject
Project("{9A19103F-16F7-4668-BE54-9A1E7A4F7556}") = "ICSharpCode.NRefactory", "..\..\externals\NRefactory\ICSharpCode.NRefactory\ICSharpCode.NRefactory.csproj", "{833B3BA7-C637-404F-A1AE-66DDD917852D}"
EndProject
Project("{9A19103F-16F7-4668-BE54-9A1E7A4F7556}") = "ICSharpCode.NRefactory.CSharp", "..\..\externals\NRefactory\ICSharpCode.NRefactory.CSharp\ICSharpCode.NRefactory.CSharp.csproj", "{195DFBF7-7A26-4692-A00A-996DC0E3E568}"
EndProject
Global
	GlobalSection(SolutionConfigurationPlatforms) = preSolution
		Debug|Any CPU = Debug|Any CPU
		Debug|x64 = Debug|x64
		Debug|x86 = Debug|x86
		Release|Any CPU = Release|Any CPU
		Release|x64 = Release|x64
		Release|x86 = Release|x86
	EndGlobalSection
	GlobalSection(ProjectConfigurationPlatforms) = postSolution
		{38338CAD-05F1-4AD1-9ACF-47E8E7FE30C2}.Debug|Any CPU.ActiveCfg = Debug|Any CPU
		{38338CAD-05F1-4AD1-9ACF-47E8E7FE30C2}.Debug|Any CPU.Build.0 = Debug|Any CPU
		{38338CAD-05F1-4AD1-9ACF-47E8E7FE30C2}.Debug|x64.ActiveCfg = Debug|Any CPU
		{38338CAD-05F1-4AD1-9ACF-47E8E7FE30C2}.Debug|x64.Build.0 = Debug|Any CPU
		{38338CAD-05F1-4AD1-9ACF-47E8E7FE30C2}.Debug|x86.ActiveCfg = Debug|Any CPU
		{38338CAD-05F1-4AD1-9ACF-47E8E7FE30C2}.Debug|x86.Build.0 = Debug|Any CPU
		{38338CAD-05F1-4AD1-9ACF-47E8E7FE30C2}.Release|Any CPU.ActiveCfg = Release|Any CPU
		{38338CAD-05F1-4AD1-9ACF-47E8E7FE30C2}.Release|Any CPU.Build.0 = Release|Any CPU
		{38338CAD-05F1-4AD1-9ACF-47E8E7FE30C2}.Release|x64.ActiveCfg = Release|Any CPU
		{38338CAD-05F1-4AD1-9ACF-47E8E7FE30C2}.Release|x64.Build.0 = Release|Any CPU
		{38338CAD-05F1-4AD1-9ACF-47E8E7FE30C2}.Release|x86.ActiveCfg = Release|Any CPU
		{38338CAD-05F1-4AD1-9ACF-47E8E7FE30C2}.Release|x86.Build.0 = Release|Any CPU
		{6F4B2E22-1A58-48F6-A86D-5D450A27F93B}.Debug|Any CPU.ActiveCfg = Debug|Any CPU
		{6F4B2E22-1A58-48F6-A86D-5D450A27F93B}.Debug|Any CPU.Build.0 = Debug|Any CPU
		{6F4B2E22-1A58-48F6-A86D-5D450A27F93B}.Debug|x64.ActiveCfg = Debug|Any CPU
		{6F4B2E22-1A58-48F6-A86D-5D450A27F93B}.Debug|x64.Build.0 = Debug|Any CPU
		{6F4B2E22-1A58-48F6-A86D-5D450A27F93B}.Debug|x86.ActiveCfg = Debug|Any CPU
		{6F4B2E22-1A58-48F6-A86D-5D450A27F93B}.Debug|x86.Build.0 = Debug|Any CPU
		{6F4B2E22-1A58-48F6-A86D-5D450A27F93B}.Release|Any CPU.ActiveCfg = Release|Any CPU
		{6F4B2E22-1A58-48F6-A86D-5D450A27F93B}.Release|Any CPU.Build.0 = Release|Any CPU
		{6F4B2E22-1A58-48F6-A86D-5D450A27F93B}.Release|x64.ActiveCfg = Release|Any CPU
		{6F4B2E22-1A58-48F6-A86D-5D450A27F93B}.Release|x64.Build.0 = Release|Any CPU
		{6F4B2E22-1A58-48F6-A86D-5D450A27F93B}.Release|x86.ActiveCfg = Release|Any CPU
		{6F4B2E22-1A58-48F6-A86D-5D450A27F93B}.Release|x86.Build.0 = Release|Any CPU
		{7FDE4EA1-1B1E-4EEA-ACA1-78ACC76D7683}.Debug|Any CPU.ActiveCfg = Debug|Any CPU
		{7FDE4EA1-1B1E-4EEA-ACA1-78ACC76D7683}.Debug|Any CPU.Build.0 = Debug|Any CPU
		{7FDE4EA1-1B1E-4EEA-ACA1-78ACC76D7683}.Debug|x64.ActiveCfg = Debug|Any CPU
		{7FDE4EA1-1B1E-4EEA-ACA1-78ACC76D7683}.Debug|x64.Build.0 = Debug|Any CPU
		{7FDE4EA1-1B1E-4EEA-ACA1-78ACC76D7683}.Debug|x86.ActiveCfg = Debug|Any CPU
		{7FDE4EA1-1B1E-4EEA-ACA1-78ACC76D7683}.Debug|x86.Build.0 = Debug|Any CPU
		{7FDE4EA1-1B1E-4EEA-ACA1-78ACC76D7683}.Release|Any CPU.ActiveCfg = Release|Any CPU
		{7FDE4EA1-1B1E-4EEA-ACA1-78ACC76D7683}.Release|Any CPU.Build.0 = Release|Any CPU
		{7FDE4EA1-1B1E-4EEA-ACA1-78ACC76D7683}.Release|x64.ActiveCfg = Release|Any CPU
		{7FDE4EA1-1B1E-4EEA-ACA1-78ACC76D7683}.Release|x64.Build.0 = Release|Any CPU
		{7FDE4EA1-1B1E-4EEA-ACA1-78ACC76D7683}.Release|x86.ActiveCfg = Release|Any CPU
		{7FDE4EA1-1B1E-4EEA-ACA1-78ACC76D7683}.Release|x86.Build.0 = Release|Any CPU
		{EE7F2861-0C9C-4A1E-B8B2-0F1925B66B64}.Debug|Any CPU.ActiveCfg = Debug|Any CPU
		{EE7F2861-0C9C-4A1E-B8B2-0F1925B66B64}.Debug|Any CPU.Build.0 = Debug|Any CPU
		{EE7F2861-0C9C-4A1E-B8B2-0F1925B66B64}.Debug|x64.ActiveCfg = Debug|Any CPU
		{EE7F2861-0C9C-4A1E-B8B2-0F1925B66B64}.Debug|x64.Build.0 = Debug|Any CPU
		{EE7F2861-0C9C-4A1E-B8B2-0F1925B66B64}.Debug|x86.ActiveCfg = Debug|Any CPU
		{EE7F2861-0C9C-4A1E-B8B2-0F1925B66B64}.Debug|x86.Build.0 = Debug|Any CPU
		{EE7F2861-0C9C-4A1E-B8B2-0F1925B66B64}.Release|Any CPU.ActiveCfg = Release|Any CPU
		{EE7F2861-0C9C-4A1E-B8B2-0F1925B66B64}.Release|Any CPU.Build.0 = Release|Any CPU
		{EE7F2861-0C9C-4A1E-B8B2-0F1925B66B64}.Release|x64.ActiveCfg = Release|Any CPU
		{EE7F2861-0C9C-4A1E-B8B2-0F1925B66B64}.Release|x64.Build.0 = Release|Any CPU
		{EE7F2861-0C9C-4A1E-B8B2-0F1925B66B64}.Release|x86.ActiveCfg = Release|Any CPU
		{EE7F2861-0C9C-4A1E-B8B2-0F1925B66B64}.Release|x86.Build.0 = Release|Any CPU
		{1B088B6D-79FF-4DC8-91B9-3D6353565BF0}.Debug|Any CPU.ActiveCfg = Debug|Any CPU
		{1B088B6D-79FF-4DC8-91B9-3D6353565BF0}.Debug|Any CPU.Build.0 = Debug|Any CPU
		{1B088B6D-79FF-4DC8-91B9-3D6353565BF0}.Debug|x64.ActiveCfg = Debug|Any CPU
		{1B088B6D-79FF-4DC8-91B9-3D6353565BF0}.Debug|x64.Build.0 = Debug|Any CPU
		{1B088B6D-79FF-4DC8-91B9-3D6353565BF0}.Debug|x86.ActiveCfg = Debug|Any CPU
		{1B088B6D-79FF-4DC8-91B9-3D6353565BF0}.Debug|x86.Build.0 = Debug|Any CPU
		{1B088B6D-79FF-4DC8-91B9-3D6353565BF0}.Release|Any CPU.ActiveCfg = Release|Any CPU
		{1B088B6D-79FF-4DC8-91B9-3D6353565BF0}.Release|Any CPU.Build.0 = Release|Any CPU
		{1B088B6D-79FF-4DC8-91B9-3D6353565BF0}.Release|x64.ActiveCfg = Release|Any CPU
		{1B088B6D-79FF-4DC8-91B9-3D6353565BF0}.Release|x64.Build.0 = Release|Any CPU
		{1B088B6D-79FF-4DC8-91B9-3D6353565BF0}.Release|x86.ActiveCfg = Release|Any CPU
		{1B088B6D-79FF-4DC8-91B9-3D6353565BF0}.Release|x86.Build.0 = Release|Any CPU
		{833B3BA7-C637-404F-A1AE-66DDD917852D}.Debug|Any CPU.ActiveCfg = Debug|Any CPU
		{833B3BA7-C637-404F-A1AE-66DDD917852D}.Debug|Any CPU.Build.0 = Debug|Any CPU
		{833B3BA7-C637-404F-A1AE-66DDD917852D}.Debug|x64.ActiveCfg = Debug|Any CPU
		{833B3BA7-C637-404F-A1AE-66DDD917852D}.Debug|x64.Build.0 = Debug|Any CPU
		{833B3BA7-C637-404F-A1AE-66DDD917852D}.Debug|x86.ActiveCfg = Debug|Any CPU
		{833B3BA7-C637-404F-A1AE-66DDD917852D}.Debug|x86.Build.0 = Debug|Any CPU
		{833B3BA7-C637-404F-A1AE-66DDD917852D}.Release|Any CPU.ActiveCfg = Release|Any CPU
		{833B3BA7-C637-404F-A1AE-66DDD917852D}.Release|Any CPU.Build.0 = Release|Any CPU
		{833B3BA7-C637-404F-A1AE-66DDD917852D}.Release|x64.ActiveCfg = Release|Any CPU
		{833B3BA7-C637-404F-A1AE-66DDD917852D}.Release|x64.Build.0 = Release|Any CPU
		{833B3BA7-C637-404F-A1AE-66DDD917852D}.Release|x86.ActiveCfg = Release|Any CPU
		{833B3BA7-C637-404F-A1AE-66DDD917852D}.Release|x86.Build.0 = Release|Any CPU
		{195DFBF7-7A26-4692-A00A-996DC0E3E568}.Debug|Any CPU.ActiveCfg = Debug|Any CPU
		{195DFBF7-7A26-4692-A00A-996DC0E3E568}.Debug|Any CPU.Build.0 = Debug|Any CPU
		{195DFBF7-7A26-4692-A00A-996DC0E3E568}.Debug|x64.ActiveCfg = Debug|Any CPU
		{195DFBF7-7A26-4692-A00A-996DC0E3E568}.Debug|x64.Build.0 = Debug|Any CPU
		{195DFBF7-7A26-4692-A00A-996DC0E3E568}.Debug|x86.ActiveCfg = Debug|Any CPU
		{195DFBF7-7A26-4692-A00A-996DC0E3E568}.Debug|x86.Build.0 = Debug|Any CPU
		{195DFBF7-7A26-4692-A00A-996DC0E3E568}.Release|Any CPU.ActiveCfg = Release|Any CPU
		{195DFBF7-7A26-4692-A00A-996DC0E3E568}.Release|Any CPU.Build.0 = Release|Any CPU
		{195DFBF7-7A26-4692-A00A-996DC0E3E568}.Release|x64.ActiveCfg = Release|Any CPU
		{195DFBF7-7A26-4692-A00A-996DC0E3E568}.Release|x64.Build.0 = Release|Any CPU
		{195DFBF7-7A26-4692-A00A-996DC0E3E568}.Release|x86.ActiveCfg = Release|Any CPU
		{195DFBF7-7A26-4692-A00A-996DC0E3E568}.Release|x86.Build.0 = Release|Any CPU
	EndGlobalSection
	GlobalSection(SolutionProperties) = preSolution
		HideSolutionNode = FALSE
	EndGlobalSection
	GlobalSection(NestedProjects) = preSolution
		{7FDE4EA1-1B1E-4EEA-ACA1-78ACC76D7683} = {DD5D7FCB-5097-433E-8399-BB037883FB2F}
		{EE7F2861-0C9C-4A1E-B8B2-0F1925B66B64} = {DD5D7FCB-5097-433E-8399-BB037883FB2F}
		{1B088B6D-79FF-4DC8-91B9-3D6353565BF0} = {DD5D7FCB-5097-433E-8399-BB037883FB2F}
		{833B3BA7-C637-404F-A1AE-66DDD917852D} = {DD5D7FCB-5097-433E-8399-BB037883FB2F}
		{195DFBF7-7A26-4692-A00A-996DC0E3E568} = {DD5D7FCB-5097-433E-8399-BB037883FB2F}
	EndGlobalSection
	GlobalSection(ExtensibilityGlobals) = postSolution
		SolutionGuid = {C0062C7F-7F87-41DC-9A63-BE15C14E7A43}
	EndGlobalSection
EndGlobal
